github.com/jzelinskie/whirlpool v0.0.0-20201016144138-0675e54bb004 h1:G+9t9cEtnC9jFiTxyptEKuNIAbiN5ZCQzX2a74lj3xg=
github.com/jzelinskie/whirlpool v0.0.0-20201016144138-0675e54bb004/go.mod h1:KmHnJWQrgEvbuy0vcvj00gtMqbvNn1L+3YUZLK/B92c=
github.com/pedroalbanese/whirlpool v0.0.0-20201016144138-0675e54bb004 h1:C+a7tNE25jByW7JE7bvt/X+x/D61GHfwR1O/MVs3MjU=
github.com/pedroalbanese/whirlpool v0.0.0-20201016144138-0675e54bb004/go.mod h1:hmEg12nLjNeVJaroqA6z3wubkSxGRVohaAD4cNuysRg=
